// !$*UTF8*$!
{
	archiveVersion = 1;
	classes = {
	};
	objectVersion = 56;
	objects = {

/* Begin PBXBuildFile section */
		4A130BAD2A5D7BEF00959350 /* MKAnnotation.m in Sources */ = {isa = PBXBuildFile; fileRef = 4A130BAC2A5D7BEF00959350 /* MKAnnotation.m */; };
		4A130BB12A5D809800959350 /* CartTableViewController.m in Sources */ = {isa = PBXBuildFile; fileRef = 4A130BB02A5D809800959350 /* CartTableViewController.m */; };
		4A1E0BA02A5D951D00921D30 /* Main.storyboard in Resources */ = {isa = PBXBuildFile; fileRef = 4A1E0B9C2A5D951D00921D30 /* Main.storyboard */; };
		4A1E0BA12A5D951D00921D30 /* LaunchScreen.storyboard in Resources */ = {isa = PBXBuildFile; fileRef = 4A1E0B9E2A5D951D00921D30 /* LaunchScreen.storyboard */; };
		4ABDE6E02A5EE9100044FA24 /* MenuItems.m in Sources */ = {isa = PBXBuildFile; fileRef = 4ABDE6DF2A5EE9100044FA24 /* MenuItems.m */; };
		4AC7F7D02A5C5B2000BD6093 /* FoodmenuViewController.m in Sources */ = {isa = PBXBuildFile; fileRef = 4AC7F7CF2A5C5B2000BD6093 /* FoodmenuViewController.m */; };
		4AD22B212A5433E500485651 /* AppDelegate.m in Sources */ = {isa = PBXBuildFile; fileRef = 4AD22B202A5433E500485651 /* AppDelegate.m */; };
		4AD22B242A5433E500485651 /* SceneDelegate.m in Sources */ = {isa = PBXBuildFile; fileRef = 4AD22B232A5433E500485651 /* SceneDelegate.m */; };
		4AD22B2C2A5433E700485651 /* Assets.xcassets in Resources */ = {isa = PBXBuildFile; fileRef = 4AD22B2B2A5433E700485651 /* Assets.xcassets */; };
		4AD22B322A5433E700485651 /* main.m in Sources */ = {isa = PBXBuildFile; fileRef = 4AD22B312A5433E700485651 /* main.m */; };
		4AD22B3E2A544B5500485651 /* MenuViewController.m in Sources */ = {isa = PBXBuildFile; fileRef = 4AD22B3D2A544B5500485651 /* MenuViewController.m */; };
		4AFD14542A5D442900E66AA2 /* DetailViewController.m in Sources */ = {isa = PBXBuildFile; fileRef = 4AFD14532A5D442900E66AA2 /* DetailViewController.m */; };
		4AFD14582A5D458E00E66AA2 /* DetailsTableViewController.m in Sources */ = {isa = PBXBuildFile; fileRef = 4AFD14572A5D458E00E66AA2 /* DetailsTableViewController.m */; };
		4AFD145C2A5D6F1F00E66AA2 /* MapViewController.m in Sources */ = {isa = PBXBuildFile; fileRef = 4AFD145B2A5D6F1F00E66AA2 /* MapViewController.m */; };
/* End PBXBuildFile section */

/* Begin PBXFileReference section */
		4A130BAB2A5D7BEF00959350 /* MKAnnotation.h */ = {isa = PBXFileReference; lastKnownFileType = sourcecode.c.h; path = MKAnnotation.h; sourceTree = "<group>"; };
		4A130BAC2A5D7BEF00959350 /* MKAnnotation.m */ = {isa = PBXFileReference; lastKnownFileType = sourcecode.c.objc; path = MKAnnotation.m; sourceTree = "<group>"; };
		4A130BAF2A5D809800959350 /* CartTableViewController.h */ = {isa = PBXFileReference; lastKnownFileType = sourcecode.c.h; path = CartTableViewController.h; sourceTree = "<group>"; };
		4A130BB02A5D809800959350 /* CartTableViewController.m */ = {isa = PBXFileReference; lastKnownFileType = sourcecode.c.objc; path = CartTableViewController.m; sourceTree = "<group>"; };
		4A1E0B9D2A5D951D00921D30 /* Base */ = {isa = PBXFileReference; lastKnownFileType = file.storyboard; name = Base; path = ViewControllers/Menu/StoryBoards/Base.lproj/Main.storyboard; sourceTree = "<group>"; };
		4A1E0B9F2A5D951D00921D30 /* Base */ = {isa = PBXFileReference; lastKnownFileType = file.storyboard; name = Base; path = ViewControllers/Menu/StoryBoards/Base.lproj/LaunchScreen.storyboard; sourceTree = "<group>"; };
		4ABDE6DE2A5EE9100044FA24 /* MenuItems.h */ = {isa = PBXFileReference; lastKnownFileType = sourcecode.c.h; path = MenuItems.h; sourceTree = "<group>"; };
		4ABDE6DF2A5EE9100044FA24 /* MenuItems.m */ = {isa = PBXFileReference; lastKnownFileType = sourcecode.c.objc; path = MenuItems.m; sourceTree = "<group>"; };
		4AC7F7CE2A5C5B2000BD6093 /* FoodmenuViewController.h */ = {isa = PBXFileReference; lastKnownFileType = sourcecode.c.h; path = FoodmenuViewController.h; sourceTree = "<group>"; };
		4AC7F7CF2A5C5B2000BD6093 /* FoodmenuViewController.m */ = {isa = PBXFileReference; lastKnownFileType = sourcecode.c.objc; path = FoodmenuViewController.m; sourceTree = "<group>"; };
		4AD22B1C2A5433E500485651 /* Objective Practice.app */ = {isa = PBXFileReference; explicitFileType = wrapper.application; includeInIndex = 0; path = "Objective Practice.app"; sourceTree = BUILT_PRODUCTS_DIR; };
		4AD22B1F2A5433E500485651 /* AppDelegate.h */ = {isa = PBXFileReference; lastKnownFileType = sourcecode.c.h; path = AppDelegate.h; sourceTree = "<group>"; };
		4AD22B202A5433E500485651 /* AppDelegate.m */ = {isa = PBXFileReference; lastKnownFileType = sourcecode.c.objc; path = AppDelegate.m; sourceTree = "<group>"; };
		4AD22B222A5433E500485651 /* SceneDelegate.h */ = {isa = PBXFileReference; lastKnownFileType = sourcecode.c.h; path = SceneDelegate.h; sourceTree = "<group>"; };
		4AD22B232A5433E500485651 /* SceneDelegate.m */ = {isa = PBXFileReference; lastKnownFileType = sourcecode.c.objc; path = SceneDelegate.m; sourceTree = "<group>"; };
		4AD22B2B2A5433E700485651 /* Assets.xcassets */ = {isa = PBXFileReference; lastKnownFileType = folder.assetcatalog; path = Assets.xcassets; sourceTree = "<group>"; };
		4AD22B302A5433E700485651 /* Info.plist */ = {isa = PBXFileReference; lastKnownFileType = text.plist.xml; path = Info.plist; sourceTree = "<group>"; };
		4AD22B312A5433E700485651 /* main.m */ = {isa = PBXFileReference; lastKnownFileType = sourcecode.c.objc; path = main.m; sourceTree = "<group>"; };
		4AD22B3C2A544B5500485651 /* MenuViewController.h */ = {isa = PBXFileReference; lastKnownFileType = sourcecode.c.h; path = MenuViewController.h; sourceTree = "<group>"; };
		4AD22B3D2A544B5500485651 /* MenuViewController.m */ = {isa = PBXFileReference; lastKnownFileType = sourcecode.c.objc; path = MenuViewController.m; sourceTree = "<group>"; };
		4AFD14522A5D442900E66AA2 /* DetailViewController.h */ = {isa = PBXFileReference; lastKnownFileType = sourcecode.c.h; path = DetailViewController.h; sourceTree = "<group>"; };
		4AFD14532A5D442900E66AA2 /* DetailViewController.m */ = {isa = PBXFileReference; lastKnownFileType = sourcecode.c.objc; path = DetailViewController.m; sourceTree = "<group>"; };
		4AFD14562A5D458E00E66AA2 /* DetailsTableViewController.h */ = {isa = PBXFileReference; lastKnownFileType = sourcecode.c.h; path = DetailsTableViewController.h; sourceTree = "<group>"; };
		4AFD14572A5D458E00E66AA2 /* DetailsTableViewController.m */ = {isa = PBXFileReference; lastKnownFileType = sourcecode.c.objc; path = DetailsTableViewController.m; sourceTree = "<group>"; };
		4AFD145A2A5D6F1F00E66AA2 /* MapViewController.h */ = {isa = PBXFileReference; lastKnownFileType = sourcecode.c.h; path = MapViewController.h; sourceTree = "<group>"; };
		4AFD145B2A5D6F1F00E66AA2 /* MapViewController.m */ = {isa = PBXFileReference; lastKnownFileType = sourcecode.c.objc; path = MapViewController.m; sourceTree = "<group>"; };
/* End PBXFileReference section */

/* Begin PBXFrameworksBuildPhase section */
		4AD22B192A5433E500485651 /* Frameworks */ = {
			isa = PBXFrameworksBuildPhase;
			buildActionMask = 2147483647;
			files = (
			);
			runOnlyForDeploymentPostprocessing = 0;
		};
/* End PBXFrameworksBuildPhase section */

/* Begin PBXGroup section */
		4A130BAE2A5D808200959350 /* Cart View */ = {
			isa = PBXGroup;
			children = (
				4A130BAF2A5D809800959350 /* CartTableViewController.h */,
				4A130BB02A5D809800959350 /* CartTableViewController.m */,
			);
			path = "Cart View";
			sourceTree = "<group>";
		};
		4A1E0BA32A5DA08600921D30 /* Models */ = {
			isa = PBXGroup;
			children = (
				4ABDE6DE2A5EE9100044FA24 /* MenuItems.h */,
				4ABDE6DF2A5EE9100044FA24 /* MenuItems.m */,
			);
			path = Models;
			sourceTree = "<group>";
		};
		4A5BDAA32A5D93E900CA52D7 /* Menu */ = {
			isa = PBXGroup;
			children = (
				4AFD14552A5D442F00E66AA2 /* DetailView */,
				4AFD14592A5D6F0300E66AA2 /* MapView */,
				4A130BAE2A5D808200959350 /* Cart View */,
				4AC7F7CD2A5C5B0700BD6093 /* Food */,
			);
			path = Menu;
			sourceTree = "<group>";
		};
		4AC7F7CD2A5C5B0700BD6093 /* Food */ = {
			isa = PBXGroup;
			children = (
				4A1E0BA32A5DA08600921D30 /* Models */,
				4AC7F7CE2A5C5B2000BD6093 /* FoodmenuViewController.h */,
				4AC7F7CF2A5C5B2000BD6093 /* FoodmenuViewController.m */,
			);
			path = Food;
			sourceTree = "<group>";
		};
		4AD22B132A5433E500485651 = {
			isa = PBXGroup;
			children = (
				4AD22B1E2A5433E500485651 /* Objective Practice */,
				4AD22B1D2A5433E500485651 /* Products */,
			);
			sourceTree = "<group>";
		};
		4AD22B1D2A5433E500485651 /* Products */ = {
			isa = PBXGroup;
			children = (
				4AD22B1C2A5433E500485651 /* Objective Practice.app */,
			);
			name = Products;
			sourceTree = "<group>";
		};
		4AD22B1E2A5433E500485651 /* Objective Practice */ = {
			isa = PBXGroup;
			children = (
				4AD22B382A543CFB00485651 /* ViewControllers */,
				4AD22B1F2A5433E500485651 /* AppDelegate.h */,
				4AD22B202A5433E500485651 /* AppDelegate.m */,
				4AD22B222A5433E500485651 /* SceneDelegate.h */,
				4AD22B232A5433E500485651 /* SceneDelegate.m */,
				4A1E0B9E2A5D951D00921D30 /* LaunchScreen.storyboard */,
				4A1E0B9C2A5D951D00921D30 /* Main.storyboard */,
				4AD22B2B2A5433E700485651 /* Assets.xcassets */,
				4AD22B302A5433E700485651 /* Info.plist */,
				4AD22B312A5433E700485651 /* main.m */,
			);
			path = "Objective Practice";
			sourceTree = "<group>";
		};
		4AD22B382A543CFB00485651 /* ViewControllers */ = {
			isa = PBXGroup;
			children = (
				4AF2E1C72A5D945600BC392F /* Setting */,
				4A5BDAA32A5D93E900CA52D7 /* Menu */,
				4AD22B3C2A544B5500485651 /* MenuViewController.h */,
				4AD22B3D2A544B5500485651 /* MenuViewController.m */,
			);
			path = ViewControllers;
			sourceTree = "<group>";
		};
		4AF2E1C72A5D945600BC392F /* Setting */ = {
			isa = PBXGroup;
			children = (
			);
			path = Setting;
			sourceTree = "<group>";
		};
		4AFD14552A5D442F00E66AA2 /* DetailView */ = {
			isa = PBXGroup;
			children = (
				4AFD14522A5D442900E66AA2 /* DetailViewController.h */,
				4AFD14532A5D442900E66AA2 /* DetailViewController.m */,
				4AFD14562A5D458E00E66AA2 /* DetailsTableViewController.h */,
				4AFD14572A5D458E00E66AA2 /* DetailsTableViewController.m */,
			);
			path = DetailView;
			sourceTree = "<group>";
		};
		4AFD14592A5D6F0300E66AA2 /* MapView */ = {
			isa = PBXGroup;
			children = (
				4AFD145A2A5D6F1F00E66AA2 /* MapViewController.h */,
				4AFD145B2A5D6F1F00E66AA2 /* MapViewController.m */,
				4A130BAB2A5D7BEF00959350 /* MKAnnotation.h */,
				4A130BAC2A5D7BEF00959350 /* MKAnnotation.m */,
			);
			path = MapView;
			sourceTree = "<group>";
		};
/* End PBXGroup section */

/* Begin PBXNativeTarget section */
		4AD22B1B2A5433E500485651 /* Objective Practice */ = {
			isa = PBXNativeTarget;
			buildConfigurationList = 4AD22B352A5433E700485651 /* Build configuration list for PBXNativeTarget "Objective Practice" */;
			buildPhases = (
				4AD22B182A5433E500485651 /* Sources */,
				4AD22B192A5433E500485651 /* Frameworks */,
				4AD22B1A2A5433E500485651 /* Resources */,
			);
			buildRules = (
			);
			dependencies = (
			);
			name = "Objective Practice";
			productName = "Objective Practice";
			productReference = 4AD22B1C2A5433E500485651 /* Objective Practice.app */;
			productType = "com.apple.product-type.application";
		};
/* End PBXNativeTarget section */

/* Begin PBXProject section */
		4AD22B142A5433E500485651 /* Project object */ = {
			isa = PBXProject;
			attributes = {
				BuildIndependentTargetsInParallel = 1;
				LastUpgradeCheck = 1400;
				TargetAttributes = {
					4AD22B1B2A5433E500485651 = {
						CreatedOnToolsVersion = 14.0;
					};
				};
			};
			buildConfigurationList = 4AD22B172A5433E500485651 /* Build configuration list for PBXProject "Objective Practice" */;
			compatibilityVersion = "Xcode 14.0";
			developmentRegion = en;
			hasScannedForEncodings = 0;
			knownRegions = (
				en,
				Base,
			);
			mainGroup = 4AD22B132A5433E500485651;
			productRefGroup = 4AD22B1D2A5433E500485651 /* Products */;
			projectDirPath = "";
			projectRoot = "";
			targets = (
				4AD22B1B2A5433E500485651 /* Objective Practice */,
			);
		};
/* End PBXProject section */

/* Begin PBXResourcesBuildPhase section */
		4AD22B1A2A5433E500485651 /* Resources */ = {
			isa = PBXResourcesBuildPhase;
			buildActionMask = 2147483647;
			files = (
				4A1E0BA12A5D951D00921D30 /* LaunchScreen.storyboard in Resources */,
				4AD22B2C2A5433E700485651 /* Assets.xcassets in Resources */,
				4A1E0BA02A5D951D00921D30 /* Main.storyboard in Resources */,
			);
			runOnlyForDeploymentPostprocessing = 0;
		};
/* End PBXResourcesBuildPhase section */

/* Begin PBXSourcesBuildPhase section */
		4AD22B182A5433E500485651 /* Sources */ = {
			isa = PBXSourcesBuildPhase;
			buildActionMask = 2147483647;
			files = (
				4A130BAD2A5D7BEF00959350 /* MKAnnotation.m in Sources */,
				4AD22B3E2A544B5500485651 /* MenuViewController.m in Sources */,
				4AFD14542A5D442900E66AA2 /* DetailViewController.m in Sources */,
				4A130BB12A5D809800959350 /* CartTableViewController.m in Sources */,
				4AC7F7D02A5C5B2000BD6093 /* FoodmenuViewController.m in Sources */,
				4AD22B212A5433E500485651 /* AppDelegate.m in Sources */,
				4AFD14582A5D458E00E66AA2 /* DetailsTableViewController.m in Sources */,
				4AD22B322A5433E700485651 /* main.m in Sources */,
				4AD22B242A5433E500485651 /* SceneDelegate.m in Sources */,
				4ABDE6E02A5EE9100044FA24 /* MenuItems.m in Sources */,
				4AFD145C2A5D6F1F00E66AA2 /* MapViewController.m in Sources */,
			);
			runOnlyForDeploymentPostprocessing = 0;
		};
/* End PBXSourcesBuildPhase section */

/* Begin PBXVariantGroup section */
		4A1E0B9C2A5D951D00921D30 /* Main.storyboard */ = {
			isa = PBXVariantGroup;
			children = (
				4A1E0B9D2A5D951D00921D30 /* Base */,
			);
			name = Main.storyboard;
			sourceTree = "<group>";
		};
		4A1E0B9E2A5D951D00921D30 /* LaunchScreen.storyboard */ = {
			isa = PBXVariantGroup;
			children = (
				4A1E0B9F2A5D951D00921D30 /* Base */,
			);
			name = LaunchScreen.storyboard;
			sourceTree = "<group>";
		};
/* End PBXVariantGroup section */

/* Begin XCBuildConfiguration section */
		4AD22B332A5433E700485651 /* Debug */ = {
			isa = XCBuildConfiguration;
			buildSettings = {
				ALWAYS_SEARCH_USER_PATHS = NO;
				CLANG_ANALYZER_NONNULL = YES;
				CLANG_ANALYZER_NUMBER_OBJECT_CONVERSION = YES_AGGRESSIVE;
				CLANG_CXX_LANGUAGE_STANDARD = "gnu++20";
				CLANG_ENABLE_MODULES = YES;
				CLANG_ENABLE_OBJC_ARC = YES;
				CLANG_ENABLE_OBJC_WEAK = YES;
				CLANG_WARN_BLOCK_CAPTURE_AUTORELEASING = YES;
				CLANG_WARN_BOOL_CONVERSION = YES;
				CLANG_WARN_COMMA = YES;
				CLANG_WARN_CONSTANT_CONVERSION = YES;
				CLANG_WARN_DEPRECATED_OBJC_IMPLEMENTATIONS = YES;
				CLANG_WARN_DIRECT_OBJC_ISA_USAGE = YES_ERROR;
				CLANG_WARN_DOCUMENTATION_COMMENTS = YES;
				CLANG_WARN_EMPTY_BODY = YES;
				CLANG_WARN_ENUM_CONVERSION = YES;
				CLANG_WARN_INFINITE_RECURSION = YES;
				CLANG_WARN_INT_CONVERSION = YES;
				CLANG_WARN_NON_LITERAL_NULL_CONVERSION = YES;
				CLANG_WARN_OBJC_IMPLICIT_RETAIN_SELF = YES;
				CLANG_WARN_OBJC_LITERAL_CONVERSION = YES;
				CLANG_WARN_OBJC_ROOT_CLASS = YES_ERROR;
				CLANG_WARN_QUOTED_INCLUDE_IN_FRAMEWORK_HEADER = YES;
				CLANG_WARN_RANGE_LOOP_ANALYSIS = YES;
				CLANG_WARN_STRICT_PROTOTYPES = YES;
				CLANG_WARN_SUSPICIOUS_MOVE = YES;
				CLANG_WARN_UNGUARDED_AVAILABILITY = YES_AGGRESSIVE;
				CLANG_WARN_UNREACHABLE_CODE = YES;
				CLANG_WARN__DUPLICATE_METHOD_MATCH = YES;
				COPY_PHASE_STRIP = NO;
				DEBUG_INFORMATION_FORMAT = dwarf;
				ENABLE_STRICT_OBJC_MSGSEND = YES;
				ENABLE_TESTABILITY = YES;
				GCC_C_LANGUAGE_STANDARD = gnu11;
				GCC_DYNAMIC_NO_PIC = NO;
				GCC_NO_COMMON_BLOCKS = YES;
				GCC_OPTIMIZATION_LEVEL = 0;
				GCC_PREPROCESSOR_DEFINITIONS = (
					"DEBUG=1",
					"$(inherited)",
				);
				GCC_WARN_64_TO_32_BIT_CONVERSION = YES;
				GCC_WARN_ABOUT_RETURN_TYPE = YES_ERROR;
				GCC_WARN_UNDECLARED_SELECTOR = YES;
				GCC_WARN_UNINITIALIZED_AUTOS = YES_AGGRESSIVE;
				GCC_WARN_UNUSED_FUNCTION = YES;
				GCC_WARN_UNUSED_VARIABLE = YES;
				IPHONEOS_DEPLOYMENT_TARGET = 16.0;
				MTL_ENABLE_DEBUG_INFO = INCLUDE_SOURCE;
				MTL_FAST_MATH = YES;
				ONLY_ACTIVE_ARCH = YES;
				SDKROOT = iphoneos;
			};
			name = Debug;
		};
		4AD22B342A5433E700485651 /* Release */ = {
			isa = XCBuildConfiguration;
			buildSettings = {
				ALWAYS_SEARCH_USER_PATHS = NO;
				CLANG_ANALYZER_NONNULL = YES;
				CLANG_ANALYZER_NUMBER_OBJECT_CONVERSION = YES_AGGRESSIVE;
				CLANG_CXX_LANGUAGE_STANDARD = "gnu++20";
				CLANG_ENABLE_MODULES = YES;
				CLANG_ENABLE_OBJC_ARC = YES;
				CLANG_ENABLE_OBJC_WEAK = YES;
				CLANG_WARN_BLOCK_CAPTURE_AUTORELEASING = YES;
				CLANG_WARN_BOOL_CONVERSION = YES;
				CLANG_WARN_COMMA = YES;
				CLANG_WARN_CONSTANT_CONVERSION = YES;
				CLANG_WARN_DEPRECATED_OBJC_IMPLEMENTATIONS = YES;
				CLANG_WARN_DIRECT_OBJC_ISA_USAGE = YES_ERROR;
				CLANG_WARN_DOCUMENTATION_COMMENTS = YES;
				CLANG_WARN_EMPTY_BODY = YES;
				CLANG_WARN_ENUM_CONVERSION = YES;
				CLANG_WARN_INFINITE_RECURSION = YES;
				CLANG_WARN_INT_CONVERSION = YES;
				CLANG_WARN_NON_LITERAL_NULL_CONVERSION = YES;
				CLANG_WARN_OBJC_IMPLICIT_RETAIN_SELF = YES;
				CLANG_WARN_OBJC_LITERAL_CONVERSION = YES;
				CLANG_WARN_OBJC_ROOT_CLASS = YES_ERROR;
				CLANG_WARN_QUOTED_INCLUDE_IN_FRAMEWORK_HEADER = YES;
				CLANG_WARN_RANGE_LOOP_ANALYSIS = YES;
				CLANG_WARN_STRICT_PROTOTYPES = YES;
				CLANG_WARN_SUSPICIOUS_MOVE = YES;
				CLANG_WARN_UNGUARDED_AVAILABILITY = YES_AGGRESSIVE;
				CLANG_WARN_UNREACHABLE_CODE = YES;
				CLANG_WARN__DUPLICATE_METHOD_MATCH = YES;
				COPY_PHASE_STRIP = NO;
				DEBUG_INFORMATION_FORMAT = "dwarf-with-dsym";
				ENABLE_NS_ASSERTIONS = NO;
				ENABLE_STRICT_OBJC_MSGSEND = YES;
				GCC_C_LANGUAGE_STANDARD = gnu11;
				GCC_NO_COMMON_BLOCKS = YES;
				GCC_WARN_64_TO_32_BIT_CONVERSION = YES;
				GCC_WARN_ABOUT_RETURN_TYPE = YES_ERROR;
				GCC_WARN_UNDECLARED_SELECTOR = YES;
				GCC_WARN_UNINITIALIZED_AUTOS = YES_AGGRESSIVE;
				GCC_WARN_UNUSED_FUNCTION = YES;
				GCC_WARN_UNUSED_VARIABLE = YES;
				IPHONEOS_DEPLOYMENT_TARGET = 16.0;
				MTL_ENABLE_DEBUG_INFO = NO;
				MTL_FAST_MATH = YES;
				SDKROOT = iphoneos;
				VALIDATE_PRODUCT = YES;
			};
			name = Release;
		};
		4AD22B362A5433E700485651 /* Debug */ = {
			isa = XCBuildConfiguration;
			buildSettings = {
				ASSETCATALOG_COMPILER_APPICON_NAME = AppIcon;
				ASSETCATALOG_COMPILER_GLOBAL_ACCENT_COLOR_NAME = AccentColor;
				CODE_SIGN_STYLE = Automatic;
				CURRENT_PROJECT_VERSION = 1;
				GENERATE_INFOPLIST_FILE = YES;
				INFOPLIST_FILE = "Objective Practice/Info.plist";
				INFOPLIST_KEY_UIApplicationSupportsIndirectInputEvents = YES;
				INFOPLIST_KEY_UILaunchStoryboardName = LaunchScreen;
				INFOPLIST_KEY_UIMainStoryboardFile = Main;
				INFOPLIST_KEY_UISupportedInterfaceOrientations_iPad = "UIInterfaceOrientationPortrait UIInterfaceOrientationPortraitUpsideDown UIInterfaceOrientationLandscapeLeft UIInterfaceOrientationLandscapeRight";
				INFOPLIST_KEY_UISupportedInterfaceOrientations_iPhone = "UIInterfaceOrientationPortrait UIInterfaceOrientationLandscapeLeft UIInterfaceOrientationLandscapeRight";
				LD_RUNPATH_SEARCH_PATHS = (
					"$(inherited)",
					"@executable_path/Frameworks",
				);
				MARKETING_VERSION = 1.0;
				PRODUCT_BUNDLE_IDENTIFIER = "com.synares.Objective-Practice";
				PRODUCT_NAME = "$(TARGET_NAME)";
				SWIFT_EMIT_LOC_STRINGS = YES;
				TARGETED_DEVICE_FAMILY = "1,2";
			};
			name = Debug;
		};
		4AD22B372A5433E700485651 /* Release */ = {
			isa = XCBuildConfiguration;
			buildSettings = {
				ASSETCATALOG_COMPILER_APPICON_NAME = AppIcon;
				ASSETCATALOG_COMPILER_GLOBAL_ACCENT_COLOR_NAME = AccentColor;
				CODE_SIGN_STYLE = Automatic;
				CURRENT_PROJECT_VERSION = 1;
				GENERATE_INFOPLIST_FILE = YES;
				INFOPLIST_FILE = "Objective Practice/Info.plist";
				INFOPLIST_KEY_UIApplicationSupportsIndirectInputEvents = YES;
				INFOPLIST_KEY_UILaunchStoryboardName = LaunchScreen;
				INFOPLIST_KEY_UIMainStoryboardFile = Main;
				INFOPLIST_KEY_UISupportedInterfaceOrientations_iPad = "UIInterfaceOrientationPortrait UIInterfaceOrientationPortraitUpsideDown UIInterfaceOrientationLandscapeLeft UIInterfaceOrientationLandscapeRight";
				INFOPLIST_KEY_UISupportedInterfaceOrientations_iPhone = "UIInterfaceOrientationPortrait UIInterfaceOrientationLandscapeLeft UIInterfaceOrientationLandscapeRight";
				LD_RUNPATH_SEARCH_PATHS = (
					"$(inherited)",
					"@executable_path/Frameworks",
				);
				MARKETING_VERSION = 1.0;
				PRODUCT_BUNDLE_IDENTIFIER = "com.synares.Objective-Practice";
				PRODUCT_NAME = "$(TARGET_NAME)";
				SWIFT_EMIT_LOC_STRINGS = YES;
				TARGETED_DEVICE_FAMILY = "1,2";
			};
			name = Release;
		};
/* End XCBuildConfiguration section */

/* Begin XCConfigurationList section */
		4AD22B172A5433E500485651 /* Build configuration list for PBXProject "Objective Practice" */ = {
			isa = XCConfigurationList;
			buildConfigurations = (
				4AD22B332A5433E700485651 /* Debug */,
				4AD22B342A5433E700485651 /* Release */,
			);
			defaultConfigurationIsVisible = 0;
			defaultConfigurationName = Release;
		};
		4AD22B352A5433E700485651 /* Build configuration list for PBXNativeTarget "Objective Practice" */ = {
			isa = XCConfigurationList;
			buildConfigurations = (
				4AD22B362A5433E700485651 /* Debug */,
				4AD22B372A5433E700485651 /* Release */,
			);
			defaultConfigurationIsVisible = 0;
			defaultConfigurationName = Release;
		};
/* End XCConfigurationList section */
	};
	rootObject = 4AD22B142A5433E500485651 /* Project object */;
}
